
Microsoft Visual Studio Solution File, Format Version 12.00
# Visual Studio Version 17
VisualStudioVersion = 17.4.33122.133
MinimumVisualStudioVersion = 10.0.40219.1
Project("{9A19103F-16F7-4668-BE54-9A1E7A4F7556}") = "Exceptions", "Exceptions\Exceptions.csproj", "{1241DCE3-BC40-4F28-A27F-2ED564A89A68}"
EndProject
Global
	GlobalSection(SolutionConfigurationPlatforms) = preSolution
		Debug|Any CPU = Debug|Any CPU
		Release|Any CPU = Release|Any CPU
	EndGlobalSection
	GlobalSection(ProjectConfigurationPlatforms) = postSolution
		{1241DCE3-BC40-4F28-A27F-2ED564A89A68}.Debug|Any CPU.ActiveCfg = Debug|Any CPU
		{1241DCE3-BC40-4F28-A27F-2ED564A89A68}.Debug|Any CPU.Build.0 = Debug|Any CPU
		{1241DCE3-BC40-4F28-A27F-2ED564A89A68}.Release|Any CPU.ActiveCfg = Release|Any CPU
		{1241DCE3-BC40-4F28-A27F-2ED564A89A68}.Release|Any CPU.Build.0 = Release|Any CPU
	EndGlobalSection
	GlobalSection(SolutionProperties) = preSolution
		HideSolutionNode = FALSE
	EndGlobalSection
	GlobalSection(ExtensibilityGlobals) = postSolution
		SolutionGuid = {8C757FA5-E9F9-4F5F-BD7B-D7269F6C919F}
	EndGlobalSection
EndGlobal
