
Microsoft Visual Studio Solution File, Format Version 12.00
# Visual Studio Version 17
VisualStudioVersion = 17.4.33122.133
MinimumVisualStudioVersion = 10.0.40219.1
Project("{FAE04EC0-301F-11D3-BF4B-00C04F79EFBC}") = "MyMenu", "MyMenu\MyMenu.csproj", "{4D8328BF-29ED-4615-BF4F-3A5C247B1EF9}"
EndProject
Global
	GlobalSection(SolutionConfigurationPlatforms) = preSolution
		Debug|Any CPU = Debug|Any CPU
		Release|Any CPU = Release|Any CPU
	EndGlobalSection
	GlobalSection(ProjectConfigurationPlatforms) = postSolution
		{4D8328BF-29ED-4615-BF4F-3A5C247B1EF9}.Debug|Any CPU.ActiveCfg = Debug|Any CPU
		{4D8328BF-29ED-4615-BF4F-3A5C247B1EF9}.Debug|Any CPU.Build.0 = Debug|Any CPU
		{4D8328BF-29ED-4615-BF4F-3A5C247B1EF9}.Release|Any CPU.ActiveCfg = Release|Any CPU
		{4D8328BF-29ED-4615-BF4F-3A5C247B1EF9}.Release|Any CPU.Build.0 = Release|Any CPU
	EndGlobalSection
	GlobalSection(SolutionProperties) = preSolution
		HideSolutionNode = FALSE
	EndGlobalSection
	GlobalSection(ExtensibilityGlobals) = postSolution
		SolutionGuid = {91518AEE-FFBF-4CCC-AC8E-69B183528403}
	EndGlobalSection
EndGlobal
